{
  "name": "mpvue-wxparse-example",
  "version": "1.0.0",
  "lockfileVersion": 1,
  "requires": true,
  "dependencies": {
    "mpvue-entry": {
      "version": "0.3.3",
      "resolved": "https://registry.npmjs.org/mpvue-entry/-/mpvue-entry-0.3.3.tgz",
      "integrity": "sha512-F6pW3aDZDp0wDa2nldmQbBebC4CG9kXSBxZ1fUlFeF2C+ErfDmmeLL0lm3VWww1uogFhAPUmByQKBM+eFAyvPw==",
      "dev": true
    }
  }
}
